// !$*UTF8*$!
{
	archiveVersion = 1;
	classes = {
	};
	objectVersion = 46;
	objects = {

/* Begin PBXBuildFile section */
		32967E921B84A0F80036CEE7 /* main.cpp in Sources */ = {isa = PBXBuildFile; fileRef = 32967E911B84A0F80036CEE7 /* main.cpp */; };
		32F3E40C1B84A7E2000DD4EC /* ketama.c in Sources */ = {isa = PBXBuildFile; fileRef = 32F3E4081B84A7E2000DD4EC /* ketama.c */; };
		32F3E40D1B84A7E2000DD4EC /* md5.c in Sources */ = {isa = PBXBuildFile; fileRef = 32F3E40A1B84A7E2000DD4EC /* md5.c */; };
/* End PBXBuildFile section */

/* Begin PBXCopyFilesBuildPhase section */
		32967E8C1B84A0F80036CEE7 /* CopyFiles */ = {
			isa = PBXCopyFilesBuildPhase;
			buildActionMask = 2147483647;
			dstPath = /usr/share/man/man1/;
			dstSubfolderSpec = 0;
			files = (
			);
			runOnlyForDeploymentPostprocessing = 1;
		};
/* End PBXCopyFilesBuildPhase section */

/* Begin PBXFileReference section */
		322814151B8B171E00EC86C4 /* CMakeLists.txt */ = {isa = PBXFileReference; fileEncoding = 4; lastKnownFileType = text; path = CMakeLists.txt; sourceTree = "<group>"; };
		32967E8E1B84A0F80036CEE7 /* libketama */ = {isa = PBXFileReference; explicitFileType = "compiled.mach-o.executable"; includeInIndex = 0; path = libketama; sourceTree = BUILT_PRODUCTS_DIR; };
		32967E911B84A0F80036CEE7 /* main.cpp */ = {isa = PBXFileReference; lastKnownFileType = sourcecode.cpp.cpp; path = main.cpp; sourceTree = "<group>"; };
		32F3E4081B84A7E2000DD4EC /* ketama.c */ = {isa = PBXFileReference; fileEncoding = 4; lastKnownFileType = sourcecode.c.c; path = ketama.c; sourceTree = "<group>"; };
		32F3E4091B84A7E2000DD4EC /* ketama.h */ = {isa = PBXFileReference; fileEncoding = 4; lastKnownFileType = sourcecode.c.h; path = ketama.h; sourceTree = "<group>"; };
		32F3E40A1B84A7E2000DD4EC /* md5.c */ = {isa = PBXFileReference; fileEncoding = 4; lastKnownFileType = sourcecode.c.c; path = md5.c; sourceTree = "<group>"; };
		32F3E40B1B84A7E2000DD4EC /* md5.h */ = {isa = PBXFileReference; fileEncoding = 4; lastKnownFileType = sourcecode.c.h; path = md5.h; sourceTree = "<group>"; };
		32F3E40E1B84C7E2000DD4EC /* README */ = {isa = PBXFileReference; lastKnownFileType = text; path = README; sourceTree = "<group>"; };
/* End PBXFileReference section */

/* Begin PBXFrameworksBuildPhase section */
		32967E8B1B84A0F80036CEE7 /* Frameworks */ = {
			isa = PBXFrameworksBuildPhase;
			buildActionMask = 2147483647;
			files = (
			);
			runOnlyForDeploymentPostprocessing = 0;
		};
/* End PBXFrameworksBuildPhase section */

/* Begin PBXGroup section */
		32967E851B84A0F80036CEE7 = {
			isa = PBXGroup;
			children = (
				322814151B8B171E00EC86C4 /* CMakeLists.txt */,
				32F3E40E1B84C7E2000DD4EC /* README */,
				32967E901B84A0F80036CEE7 /* libketama */,
				32967E8F1B84A0F80036CEE7 /* Products */,
			);
			sourceTree = "<group>";
		};
		32967E8F1B84A0F80036CEE7 /* Products */ = {
			isa = PBXGroup;
			children = (
				32967E8E1B84A0F80036CEE7 /* libketama */,
			);
			name = Products;
			sourceTree = "<group>";
		};
		32967E901B84A0F80036CEE7 /* libketama */ = {
			isa = PBXGroup;
			children = (
				32F3E4081B84A7E2000DD4EC /* ketama.c */,
				32F3E4091B84A7E2000DD4EC /* ketama.h */,
				32F3E40A1B84A7E2000DD4EC /* md5.c */,
				32F3E40B1B84A7E2000DD4EC /* md5.h */,
				32967E911B84A0F80036CEE7 /* main.cpp */,
			);
			path = libketama;
			sourceTree = "<group>";
		};
/* End PBXGroup section */

/* Begin PBXNativeTarget section */
		32967E8D1B84A0F80036CEE7 /* libketama */ = {
			isa = PBXNativeTarget;
			buildConfigurationList = 32967E951B84A0F80036CEE7 /* Build configuration list for PBXNativeTarget "libketama" */;
			buildPhases = (
				32967E8A1B84A0F80036CEE7 /* Sources */,
				32967E8B1B84A0F80036CEE7 /* Frameworks */,
				32967E8C1B84A0F80036CEE7 /* CopyFiles */,
			);
			buildRules = (
			);
			dependencies = (
			);
			name = libketama;
			productName = libketama;
			productReference = 32967E8E1B84A0F80036CEE7 /* libketama */;
			productType = "com.apple.product-type.tool";
		};
/* End PBXNativeTarget section */

/* Begin PBXProject section */
		32967E861B84A0F80036CEE7 /* Project object */ = {
			isa = PBXProject;
			attributes = {
				LastUpgradeCheck = 0640;
				ORGANIZATIONNAME = "Claudio Bisegni";
				TargetAttributes = {
					32967E8D1B84A0F80036CEE7 = {
						CreatedOnToolsVersion = 6.4;
					};
				};
			};
			buildConfigurationList = 32967E891B84A0F80036CEE7 /* Build configuration list for PBXProject "libketama" */;
			compatibilityVersion = "Xcode 3.2";
			developmentRegion = English;
			hasScannedForEncodings = 0;
			knownRegions = (
				en,
			);
			mainGroup = 32967E851B84A0F80036CEE7;
			productRefGroup = 32967E8F1B84A0F80036CEE7 /* Products */;
			projectDirPath = "";
			projectRoot = "";
			targets = (
				32967E8D1B84A0F80036CEE7 /* libketama */,
			);
		};
/* End PBXProject section */

/* Begin PBXSourcesBuildPhase section */
		32967E8A1B84A0F80036CEE7 /* Sources */ = {
			isa = PBXSourcesBuildPhase;
			buildActionMask = 2147483647;
			files = (
				32F3E40D1B84A7E2000DD4EC /* md5.c in Sources */,
				32F3E40C1B84A7E2000DD4EC /* ketama.c in Sources */,
				32967E921B84A0F80036CEE7 /* main.cpp in Sources */,
			);
			runOnlyForDeploymentPostprocessing = 0;
		};
/* End PBXSourcesBuildPhase section */

/* Begin XCBuildConfiguration section */
		32967E931B84A0F80036CEE7 /* Debug */ = {
			isa = XCBuildConfiguration;
			buildSettings = {
				ALWAYS_SEARCH_USER_PATHS = NO;
				CLANG_CXX_LANGUAGE_STANDARD = "gnu++0x";
				CLANG_CXX_LIBRARY = "libc++";
				CLANG_ENABLE_MODULES = YES;
				CLANG_ENABLE_OBJC_ARC = YES;
				CLANG_WARN_BOOL_CONVERSION = YES;
				CLANG_WARN_CONSTANT_CONVERSION = YES;
				CLANG_WARN_DIRECT_OBJC_ISA_USAGE = YES_ERROR;
				CLANG_WARN_EMPTY_BODY = YES;
				CLANG_WARN_ENUM_CONVERSION = YES;
				CLANG_WARN_INT_CONVERSION = YES;
				CLANG_WARN_OBJC_ROOT_CLASS = YES_ERROR;
				CLANG_WARN_UNREACHABLE_CODE = YES;
				CLANG_WARN__DUPLICATE_METHOD_MATCH = YES;
				COPY_PHASE_STRIP = NO;
				DEBUG_INFORMATION_FORMAT = dwarf;
				ENABLE_STRICT_OBJC_MSGSEND = YES;
				GCC_C_LANGUAGE_STANDARD = gnu99;
				GCC_DYNAMIC_NO_PIC = NO;
				GCC_NO_COMMON_BLOCKS = YES;
				GCC_OPTIMIZATION_LEVEL = 0;
				GCC_PREPROCESSOR_DEFINITIONS = (
					"DEBUG=1",
					"$(inherited)",
				);
				GCC_SYMBOLS_PRIVATE_EXTERN = NO;
				GCC_WARN_64_TO_32_BIT_CONVERSION = YES;
				GCC_WARN_ABOUT_RETURN_TYPE = YES_ERROR;
				GCC_WARN_UNDECLARED_SELECTOR = YES;
				GCC_WARN_UNINITIALIZED_AUTOS = YES_AGGRESSIVE;
				GCC_WARN_UNUSED_FUNCTION = YES;
				GCC_WARN_UNUSED_VARIABLE = YES;
				MACOSX_DEPLOYMENT_TARGET = 10.10;
				MTL_ENABLE_DEBUG_INFO = YES;
				ONLY_ACTIVE_ARCH = YES;
				SDKROOT = macosx;
			};
			name = Debug;
		};
		32967E941B84A0F80036CEE7 /* Release */ = {
			isa = XCBuildConfiguration;
			buildSettings = {
				ALWAYS_SEARCH_USER_PATHS = NO;
				CLANG_CXX_LANGUAGE_STANDARD = "gnu++0x";
				CLANG_CXX_LIBRARY = "libc++";
				CLANG_ENABLE_MODULES = YES;
				CLANG_ENABLE_OBJC_ARC = YES;
				CLANG_WARN_BOOL_CONVERSION = YES;
				CLANG_WARN_CONSTANT_CONVERSION = YES;
				CLANG_WARN_DIRECT_OBJC_ISA_USAGE = YES_ERROR;
				CLANG_WARN_EMPTY_BODY = YES;
				CLANG_WARN_ENUM_CONVERSION = YES;
				CLANG_WARN_INT_CONVERSION = YES;
				CLANG_WARN_OBJC_ROOT_CLASS = YES_ERROR;
				CLANG_WARN_UNREACHABLE_CODE = YES;
				CLANG_WARN__DUPLICATE_METHOD_MATCH = YES;
				COPY_PHASE_STRIP = NO;
				DEBUG_INFORMATION_FORMAT = "dwarf-with-dsym";
				ENABLE_NS_ASSERTIONS = NO;
				ENABLE_STRICT_OBJC_MSGSEND = YES;
				GCC_C_LANGUAGE_STANDARD = gnu99;
				GCC_NO_COMMON_BLOCKS = YES;
				GCC_WARN_64_TO_32_BIT_CONVERSION = YES;
				GCC_WARN_ABOUT_RETURN_TYPE = YES_ERROR;
				GCC_WARN_UNDECLARED_SELECTOR = YES;
				GCC_WARN_UNINITIALIZED_AUTOS = YES_AGGRESSIVE;
				GCC_WARN_UNUSED_FUNCTION = YES;
				GCC_WARN_UNUSED_VARIABLE = YES;
				MACOSX_DEPLOYMENT_TARGET = 10.10;
				MTL_ENABLE_DEBUG_INFO = NO;
				SDKROOT = macosx;
			};
			name = Release;
		};
		32967E961B84A0F80036CEE7 /* Debug */ = {
			isa = XCBuildConfiguration;
			buildSettings = {
				PRODUCT_NAME = "$(TARGET_NAME)";
			};
			name = Debug;
		};
		32967E971B84A0F80036CEE7 /* Release */ = {
			isa = XCBuildConfiguration;
			buildSettings = {
				PRODUCT_NAME = "$(TARGET_NAME)";
			};
			name = Release;
		};
/* End XCBuildConfiguration section */

/* Begin XCConfigurationList section */
		32967E891B84A0F80036CEE7 /* Build configuration list for PBXProject "libketama" */ = {
			isa = XCConfigurationList;
			buildConfigurations = (
				32967E931B84A0F80036CEE7 /* Debug */,
				32967E941B84A0F80036CEE7 /* Release */,
			);
			defaultConfigurationIsVisible = 0;
			defaultConfigurationName = Release;
		};
		32967E951B84A0F80036CEE7 /* Build configuration list for PBXNativeTarget "libketama" */ = {
			isa = XCConfigurationList;
			buildConfigurations = (
				32967E961B84A0F80036CEE7 /* Debug */,
				32967E971B84A0F80036CEE7 /* Release */,
			);
			defaultConfigurationIsVisible = 0;
			defaultConfigurationName = Release;
		};
/* End XCConfigurationList section */
	};
	rootObject = 32967E861B84A0F80036CEE7 /* Project object */;
}
